
Microsoft Visual Studio Solution File, Format Version 12.00
# Visual Studio 15
VisualStudioVersion = 15.0.26730.8
MinimumVisualStudioVersion = 10.0.40219.1
Project("{FAE04EC0-301F-11D3-BF4B-00C04F79EFBC}") = "KD.Collections", "KD.Collections\KD.Collections.csproj", "{10C7D0EB-2B44-46FF-A334-7465B02CC21B}"
EndProject
Project("{FAE04EC0-301F-11D3-BF4B-00C04F79EFBC}") = "Test", "Test\Test.csproj", "{CCB1C29E-9B68-4B76-8E3F-B3CBF6B111FC}"
EndProject
Global
	GlobalSection(SolutionConfigurationPlatforms) = preSolution
		Debug|Any CPU = Debug|Any CPU
		Release|Any CPU = Release|Any CPU
	EndGlobalSection
	GlobalSection(ProjectConfigurationPlatforms) = postSolution
		{10C7D0EB-2B44-46FF-A334-7465B02CC21B}.Debug|Any CPU.ActiveCfg = Debug|Any CPU
		{10C7D0EB-2B44-46FF-A334-7465B02CC21B}.Debug|Any CPU.Build.0 = Debug|Any CPU
		{10C7D0EB-2B44-46FF-A334-7465B02CC21B}.Release|Any CPU.ActiveCfg = Release|Any CPU
		{10C7D0EB-2B44-46FF-A334-7465B02CC21B}.Release|Any CPU.Build.0 = Release|Any CPU
		{CCB1C29E-9B68-4B76-8E3F-B3CBF6B111FC}.Debug|Any CPU.ActiveCfg = Debug|Any CPU
		{CCB1C29E-9B68-4B76-8E3F-B3CBF6B111FC}.Debug|Any CPU.Build.0 = Debug|Any CPU
		{CCB1C29E-9B68-4B76-8E3F-B3CBF6B111FC}.Release|Any CPU.ActiveCfg = Release|Any CPU
		{CCB1C29E-9B68-4B76-8E3F-B3CBF6B111FC}.Release|Any CPU.Build.0 = Release|Any CPU
	EndGlobalSection
	GlobalSection(SolutionProperties) = preSolution
		HideSolutionNode = FALSE
	EndGlobalSection
	GlobalSection(ExtensibilityGlobals) = postSolution
		SolutionGuid = {ACE5032C-63CE-4838-B4B0-561F11036683}
	EndGlobalSection
EndGlobal
